
Microsoft Visual Studio Solution File, Format Version 12.00
Project("{FAE04EC0-301F-11D3-BF4B-00C04F79EFBC}") = "S25130", "S25130\S25130.csproj", "{3028DAFD-9AA9-4003-90F0-DCB522B87742}"
EndProject
Global
	GlobalSection(SolutionConfigurationPlatforms) = preSolution
		Debug|Any CPU = Debug|Any CPU
		Release|Any CPU = Release|Any CPU
	EndGlobalSection
	GlobalSection(ProjectConfigurationPlatforms) = postSolution
		{3028DAFD-9AA9-4003-90F0-DCB522B87742}.Debug|Any CPU.ActiveCfg = Debug|Any CPU
		{3028DAFD-9AA9-4003-90F0-DCB522B87742}.Debug|Any CPU.Build.0 = Debug|Any CPU
		{3028DAFD-9AA9-4003-90F0-DCB522B87742}.Release|Any CPU.ActiveCfg = Release|Any CPU
		{3028DAFD-9AA9-4003-90F0-DCB522B87742}.Release|Any CPU.Build.0 = Release|Any CPU
	EndGlobalSection
EndGlobal
